[[package]]
name = "aho-corasick"
version = "0.6.4"
source = "registry+https://github.com/rust-lang/crates.io-index"
dependencies = [
 "memchr 2.0.1 (registry+https://github.com/rust-lang/crates.io-index)",
]

[[package]]
name = "base64"
version = "0.1.1"
source = "registry+https://github.com/rust-lang/crates.io-index"

[[package]]
name = "bitflags"
version = "0.7.0"
source = "registry+https://github.com/rust-lang/crates.io-index"

[[package]]
name = "bitflags"
version = "1.0.1"
source = "registry+https://github.com/rust-lang/crates.io-index"

[[package]]
name = "cc"
version = "1.0.9"
source = "registry+https://github.com/rust-lang/crates.io-index"

[[package]]
name = "cfg-if"
version = "0.1.2"
source = "registry+https://github.com/rust-lang/crates.io-index"

[[package]]
name = "csfml-audio-sys"
version = "0.4.0"
source = "registry+https://github.com/rust-lang/crates.io-index"
dependencies = [
 "csfml-system-sys 0.4.0 (registry+https://github.com/rust-lang/crates.io-index)",
 "sfml-build 0.2.0 (registry+https://github.com/rust-lang/crates.io-index)",
]

[[package]]
name = "csfml-graphics-sys"
version = "0.4.0"
source = "registry+https://github.com/rust-lang/crates.io-index"
dependencies = [
 "csfml-system-sys 0.4.0 (registry+https://github.com/rust-lang/crates.io-index)",
 "csfml-window-sys 0.4.0 (registry+https://github.com/rust-lang/crates.io-index)",
 "sfml-build 0.2.0 (registry+https://github.com/rust-lang/crates.io-index)",
]

[[package]]
name = "csfml-system-sys"
version = "0.4.0"
source = "registry+https://github.com/rust-lang/crates.io-index"
dependencies = [
 "sfml-build 0.2.0 (registry+https://github.com/rust-lang/crates.io-index)",
]

[[package]]
name = "csfml-window-sys"
version = "0.4.0"
source = "registry+https://github.com/rust-lang/crates.io-index"
dependencies = [
 "csfml-system-sys 0.4.0 (registry+https://github.com/rust-lang/crates.io-index)",
 "sfml-build 0.2.0 (registry+https://github.com/rust-lang/crates.io-index)",
]

[[package]]
name = "deucalion-rs"
version = "0.1.0"
dependencies = [
 "env_logger 0.4.3 (registry+https://github.com/rust-lang/crates.io-index)",
 "euclid 0.17.3 (registry+https://github.com/rust-lang/crates.io-index)",
 "hlua 0.4.1 (registry+https://github.com/rust-lang/crates.io-index)",
 "log 0.4.5 (registry+https://github.com/rust-lang/crates.io-index)",
 "sfml 0.14.0 (registry+https://github.com/rust-lang/crates.io-index)",
 "tiled 0.7.3 (registry+https://github.com/rust-lang/crates.io-index)",
 "update_rate 2.0.0 (registry+https://github.com/rust-lang/crates.io-index)",
]

[[package]]
name = "env_logger"
version = "0.4.3"
source = "registry+https://github.com/rust-lang/crates.io-index"
dependencies = [
 "log 0.3.9 (registry+https://github.com/rust-lang/crates.io-index)",
 "regex 0.2.10 (registry+https://github.com/rust-lang/crates.io-index)",
]

[[package]]
name = "euclid"
version = "0.17.3"
source = "registry+https://github.com/rust-lang/crates.io-index"
dependencies = [
 "num-traits 0.1.43 (registry+https://github.com/rust-lang/crates.io-index)",
]

[[package]]
name = "flate2"
version = "0.2.20"
source = "registry+https://github.com/rust-lang/crates.io-index"
dependencies = [
 "libc 0.2.40 (registry+https://github.com/rust-lang/crates.io-index)",
 "miniz-sys 0.1.10 (registry+https://github.com/rust-lang/crates.io-index)",
]

[[package]]
name = "gcc"
version = "0.3.54"
source = "registry+https://github.com/rust-lang/crates.io-index"

[[package]]
name = "hlua"
version = "0.4.1"
source = "registry+https://github.com/rust-lang/crates.io-index"
dependencies = [
 "libc 0.2.40 (registry+https://github.com/rust-lang/crates.io-index)",
 "lua52-sys 0.1.1 (registry+https://github.com/rust-lang/crates.io-index)",
]

[[package]]
name = "lazy_static"
version = "1.0.0"
source = "registry+https://github.com/rust-lang/crates.io-index"

[[package]]
name = "libc"
version = "0.2.40"
source = "registry+https://github.com/rust-lang/crates.io-index"

[[package]]
name = "log"
version = "0.3.9"
source = "registry+https://github.com/rust-lang/crates.io-index"
dependencies = [
 "log 0.4.5 (registry+https://github.com/rust-lang/crates.io-index)",
]

[[package]]
name = "log"
version = "0.4.5"
source = "registry+https://github.com/rust-lang/crates.io-index"
dependencies = [
 "cfg-if 0.1.2 (registry+https://github.com/rust-lang/crates.io-index)",
]

[[package]]
name = "lua52-sys"
version = "0.1.1"
source = "registry+https://github.com/rust-lang/crates.io-index"
dependencies = [
 "gcc 0.3.54 (registry+https://github.com/rust-lang/crates.io-index)",
 "libc 0.2.40 (registry+https://github.com/rust-lang/crates.io-index)",
 "pkg-config 0.3.9 (registry+https://github.com/rust-lang/crates.io-index)",
]

[[package]]
name = "memchr"
version = "2.0.1"
source = "registry+https://github.com/rust-lang/crates.io-index"
dependencies = [
 "libc 0.2.40 (registry+https://github.com/rust-lang/crates.io-index)",
]

[[package]]
name = "miniz-sys"
version = "0.1.10"
source = "registry+https://github.com/rust-lang/crates.io-index"
dependencies = [
 "cc 1.0.9 (registry+https://github.com/rust-lang/crates.io-index)",
 "libc 0.2.40 (registry+https://github.com/rust-lang/crates.io-index)",
]

[[package]]
name = "num-traits"
version = "0.1.43"
source = "registry+https://github.com/rust-lang/crates.io-index"
dependencies = [
 "num-traits 0.2.2 (registry+https://github.com/rust-lang/crates.io-index)",
]

[[package]]
name = "num-traits"
version = "0.2.2"
source = "registry+https://github.com/rust-lang/crates.io-index"

[[package]]
name = "pkg-config"
version = "0.3.9"
source = "registry+https://github.com/rust-lang/crates.io-index"

[[package]]
name = "regex"
version = "0.2.10"
source = "registry+https://github.com/rust-lang/crates.io-index"
dependencies = [
 "aho-corasick 0.6.4 (registry+https://github.com/rust-lang/crates.io-index)",
 "memchr 2.0.1 (registry+https://github.com/rust-lang/crates.io-index)",
 "regex-syntax 0.5.3 (registry+https://github.com/rust-lang/crates.io-index)",
 "thread_local 0.3.5 (registry+https://github.com/rust-lang/crates.io-index)",
 "utf8-ranges 1.0.0 (registry+https://github.com/rust-lang/crates.io-index)",
]

[[package]]
name = "regex-syntax"
version = "0.5.3"
source = "registry+https://github.com/rust-lang/crates.io-index"
dependencies = [
 "ucd-util 0.1.1 (registry+https://github.com/rust-lang/crates.io-index)",
]

[[package]]
name = "sfml"
version = "0.14.0"
source = "registry+https://github.com/rust-lang/crates.io-index"
dependencies = [
 "bitflags 1.0.1 (registry+https://github.com/rust-lang/crates.io-index)",
 "csfml-audio-sys 0.4.0 (registry+https://github.com/rust-lang/crates.io-index)",
 "csfml-graphics-sys 0.4.0 (registry+https://github.com/rust-lang/crates.io-index)",
 "csfml-system-sys 0.4.0 (registry+https://github.com/rust-lang/crates.io-index)",
 "csfml-window-sys 0.4.0 (registry+https://github.com/rust-lang/crates.io-index)",
]

[[package]]
name = "sfml-build"
version = "0.2.0"
source = "registry+https://github.com/rust-lang/crates.io-index"

[[package]]
name = "thread_local"
version = "0.3.5"
source = "registry+https://github.com/rust-lang/crates.io-index"
dependencies = [
 "lazy_static 1.0.0 (registry+https://github.com/rust-lang/crates.io-index)",
 "unreachable 1.0.0 (registry+https://github.com/rust-lang/crates.io-index)",
]

[[package]]
name = "tiled"
version = "0.7.3"
source = "registry+https://github.com/rust-lang/crates.io-index"
dependencies = [
 "base64 0.1.1 (registry+https://github.com/rust-lang/crates.io-index)",
 "flate2 0.2.20 (registry+https://github.com/rust-lang/crates.io-index)",
 "xml-rs 0.3.6 (registry+https://github.com/rust-lang/crates.io-index)",
]

[[package]]
name = "ucd-util"
version = "0.1.1"
source = "registry+https://github.com/rust-lang/crates.io-index"

[[package]]
name = "unreachable"
version = "1.0.0"
source = "registry+https://github.com/rust-lang/crates.io-index"
dependencies = [
 "void 1.0.2 (registry+https://github.com/rust-lang/crates.io-index)",
]

[[package]]
name = "update_rate"
version = "2.0.0"
source = "registry+https://github.com/rust-lang/crates.io-index"

[[package]]
name = "utf8-ranges"
version = "1.0.0"
source = "registry+https://github.com/rust-lang/crates.io-index"

[[package]]
name = "void"
version = "1.0.2"
source = "registry+https://github.com/rust-lang/crates.io-index"

[[package]]
name = "xml-rs"
version = "0.3.6"
source = "registry+https://github.com/rust-lang/crates.io-index"
dependencies = [
 "bitflags 0.7.0 (registry+https://github.com/rust-lang/crates.io-index)",
]

[metadata]
"checksum aho-corasick 0.6.4 (registry+https://github.com/rust-lang/crates.io-index)" = "d6531d44de723825aa81398a6415283229725a00fa30713812ab9323faa82fc4"
"checksum base64 0.1.1 (registry+https://github.com/rust-lang/crates.io-index)" = "a51012ca17f843e723dedc71fdd7feac9d8b53be85492aa9232b2da59ce6bb3b"
"checksum bitflags 0.7.0 (registry+https://github.com/rust-lang/crates.io-index)" = "aad18937a628ec6abcd26d1489012cc0e18c21798210f491af69ded9b881106d"
"checksum bitflags 1.0.1 (registry+https://github.com/rust-lang/crates.io-index)" = "b3c30d3802dfb7281680d6285f2ccdaa8c2d8fee41f93805dba5c4cf50dc23cf"
"checksum cc 1.0.9 (registry+https://github.com/rust-lang/crates.io-index)" = "2b4911e4bdcb4100c7680e7e854ff38e23f1b34d4d9e079efae3da2801341ffc"
"checksum cfg-if 0.1.2 (registry+https://github.com/rust-lang/crates.io-index)" = "d4c819a1287eb618df47cc647173c5c4c66ba19d888a6e50d605672aed3140de"
"checksum csfml-audio-sys 0.4.0 (registry+https://github.com/rust-lang/crates.io-index)" = "c3f55bfdd00e6ded8b4bbf62acfe7e62a493584a7b0774642dac59d822061aa4"
"checksum csfml-graphics-sys 0.4.0 (registry+https://github.com/rust-lang/crates.io-index)" = "d508c34b7376ca0450422ee11642b5aba43bde59673c822bb436e9fc126d8487"
"checksum csfml-system-sys 0.4.0 (registry+https://github.com/rust-lang/crates.io-index)" = "226869ac0651d7592d2fc0795f5e44101fbd7b22548d6cf6f0e0e74e54efa1fd"
"checksum csfml-window-sys 0.4.0 (registry+https://github.com/rust-lang/crates.io-index)" = "86fd0d9840a9f92ae0960cef634c1b5781b15847dbb099a9ee6021bb5c1cb618"
"checksum env_logger 0.4.3 (registry+https://github.com/rust-lang/crates.io-index)" = "3ddf21e73e016298f5cb37d6ef8e8da8e39f91f9ec8b0df44b7deb16a9f8cd5b"
"checksum euclid 0.17.3 (registry+https://github.com/rust-lang/crates.io-index)" = "c95fd0d455f114291a3109286bd387bd423770058474a2d3f38b712cd661df60"
"checksum flate2 0.2.20 (registry+https://github.com/rust-lang/crates.io-index)" = "e6234dd4468ae5d1e2dbb06fe2b058696fdc50a339c68a393aefbf00bc81e423"
"checksum gcc 0.3.54 (registry+https://github.com/rust-lang/crates.io-index)" = "5e33ec290da0d127825013597dbdfc28bee4964690c7ce1166cbc2a7bd08b1bb"
"checksum hlua 0.4.1 (registry+https://github.com/rust-lang/crates.io-index)" = "ed9db71fff2e55b83d24bbbdd9ad13f0d1ff79bc265f544370f39ee0825d54e4"
"checksum lazy_static 1.0.0 (registry+https://github.com/rust-lang/crates.io-index)" = "c8f31047daa365f19be14b47c29df4f7c3b581832407daabe6ae77397619237d"
"checksum libc 0.2.40 (registry+https://github.com/rust-lang/crates.io-index)" = "6fd41f331ac7c5b8ac259b8bf82c75c0fb2e469bbf37d2becbba9a6a2221965b"
"checksum log 0.3.9 (registry+https://github.com/rust-lang/crates.io-index)" = "e19e8d5c34a3e0e2223db8e060f9e8264aeeb5c5fc64a4ee9965c062211c024b"
"checksum log 0.4.5 (registry+https://github.com/rust-lang/crates.io-index)" = "d4fcce5fa49cc693c312001daf1d13411c4a5283796bac1084299ea3e567113f"
"checksum lua52-sys 0.1.1 (registry+https://github.com/rust-lang/crates.io-index)" = "39c2835cc62c821132f91bb28fa41ae178f56b056ab9577c6f7ed81a908b1187"
"checksum memchr 2.0.1 (registry+https://github.com/rust-lang/crates.io-index)" = "796fba70e76612589ed2ce7f45282f5af869e0fdd7cc6199fa1aa1f1d591ba9d"
"checksum miniz-sys 0.1.10 (registry+https://github.com/rust-lang/crates.io-index)" = "609ce024854aeb19a0ef7567d348aaa5a746b32fb72e336df7fcc16869d7e2b4"
"checksum num-traits 0.1.43 (registry+https://github.com/rust-lang/crates.io-index)" = "92e5113e9fd4cc14ded8e499429f396a20f98c772a47cc8622a736e1ec843c31"
"checksum num-traits 0.2.2 (registry+https://github.com/rust-lang/crates.io-index)" = "dee092fcdf725aee04dd7da1d21debff559237d49ef1cb3e69bcb8ece44c7364"
"checksum pkg-config 0.3.9 (registry+https://github.com/rust-lang/crates.io-index)" = "3a8b4c6b8165cd1a1cd4b9b120978131389f64bdaf456435caa41e630edba903"
"checksum regex 0.2.10 (registry+https://github.com/rust-lang/crates.io-index)" = "aec3f58d903a7d2a9dc2bf0e41a746f4530e0cab6b615494e058f67a3ef947fb"
"checksum regex-syntax 0.5.3 (registry+https://github.com/rust-lang/crates.io-index)" = "b2550876c31dc914696a6c2e01cbce8afba79a93c8ae979d2fe051c0230b3756"
"checksum sfml 0.14.0 (registry+https://github.com/rust-lang/crates.io-index)" = "47b06f9db4d3f8b936d232d92bfbd6335060ae51ddcf1be2e79361aeb5c8fef1"
"checksum sfml-build 0.2.0 (registry+https://github.com/rust-lang/crates.io-index)" = "ff35ae173aff95bc967d1b4f0e131a8aec384c317fd057738da4b0f71c8cf841"
"checksum thread_local 0.3.5 (registry+https://github.com/rust-lang/crates.io-index)" = "279ef31c19ededf577bfd12dfae728040a21f635b06a24cd670ff510edd38963"
"checksum tiled 0.7.3 (registry+https://github.com/rust-lang/crates.io-index)" = "5479318e76999d2cf97e56633948d7da38c64b53553c2ae9daa0b707c1a94191"
"checksum ucd-util 0.1.1 (registry+https://github.com/rust-lang/crates.io-index)" = "fd2be2d6639d0f8fe6cdda291ad456e23629558d466e2789d2c3e9892bda285d"
"checksum unreachable 1.0.0 (registry+https://github.com/rust-lang/crates.io-index)" = "382810877fe448991dfc7f0dd6e3ae5d58088fd0ea5e35189655f84e6814fa56"
"checksum update_rate 2.0.0 (registry+https://github.com/rust-lang/crates.io-index)" = "cd4354cbee0710a7d8cc5e7230a08c4ffa602aea0f1b65a95cf0dce934bbd1d8"
"checksum utf8-ranges 1.0.0 (registry+https://github.com/rust-lang/crates.io-index)" = "662fab6525a98beff2921d7f61a39e7d59e0b425ebc7d0d9e66d316e55124122"
"checksum void 1.0.2 (registry+https://github.com/rust-lang/crates.io-index)" = "6a02e4885ed3bc0f2de90ea6dd45ebcbb66dacffe03547fadbb0eeae2770887d"
"checksum xml-rs 0.3.6 (registry+https://github.com/rust-lang/crates.io-index)" = "7ec6c39eaa68382c8e31e35239402c0a9489d4141a8ceb0c716099a0b515b562"
